// !$*UTF8*$!
{
	archiveVersion = 1;
	classes = {
	};
	objectVersion = 50;
	objects = {

/* Begin PBXBuildFile section */
		4ABDD4FA22C2C03C001D3E76 /* AppDelegate.m in Sources */ = {isa = PBXBuildFile; fileRef = 4ABDD4F922C2C03C001D3E76 /* AppDelegate.m */; };
		4ABDD4FD22C2C03C001D3E76 /* ViewController.m in Sources */ = {isa = PBXBuildFile; fileRef = 4ABDD4FC22C2C03C001D3E76 /* ViewController.m */; };
		4ABDD50022C2C03C001D3E76 /* Main.storyboard in Resources */ = {isa = PBXBuildFile; fileRef = 4ABDD4FE22C2C03C001D3E76 /* Main.storyboard */; };
		4ABDD50222C2C03C001D3E76 /* Assets.xcassets in Resources */ = {isa = PBXBuildFile; fileRef = 4ABDD50122C2C03C001D3E76 /* Assets.xcassets */; };
		4ABDD50522C2C03C001D3E76 /* LaunchScreen.storyboard in Resources */ = {isa = PBXBuildFile; fileRef = 4ABDD50322C2C03C001D3E76 /* LaunchScreen.storyboard */; };
		4ABDD50822C2C03C001D3E76 /* main.m in Sources */ = {isa = PBXBuildFile; fileRef = 4ABDD50722C2C03C001D3E76 /* main.m */; };
		4ABDD51222C2C03D001D3E76 /* TipsterTests.m in Sources */ = {isa = PBXBuildFile; fileRef = 4ABDD51122C2C03D001D3E76 /* TipsterTests.m */; };
		4ABDD51D22C2C03D001D3E76 /* TipsterUITests.m in Sources */ = {isa = PBXBuildFile; fileRef = 4ABDD51C22C2C03D001D3E76 /* TipsterUITests.m */; };
/* End PBXBuildFile section */

/* Begin PBXContainerItemProxy section */
		4ABDD50E22C2C03D001D3E76 /* PBXContainerItemProxy */ = {
			isa = PBXContainerItemProxy;
			containerPortal = 4ABDD4ED22C2C03B001D3E76 /* Project object */;
			proxyType = 1;
			remoteGlobalIDString = 4ABDD4F422C2C03B001D3E76;
			remoteInfo = Tipster;
		};
		4ABDD51922C2C03D001D3E76 /* PBXContainerItemProxy */ = {
			isa = PBXContainerItemProxy;
			containerPortal = 4ABDD4ED22C2C03B001D3E76 /* Project object */;
			proxyType = 1;
			remoteGlobalIDString = 4ABDD4F422C2C03B001D3E76;
			remoteInfo = Tipster;
		};
/* End PBXContainerItemProxy section */

/* Begin PBXFileReference section */
		4ABDD4F522C2C03C001D3E76 /* Tipster.app */ = {isa = PBXFileReference; explicitFileType = wrapper.application; includeInIndex = 0; path = Tipster.app; sourceTree = BUILT_PRODUCTS_DIR; };
		4ABDD4F822C2C03C001D3E76 /* AppDelegate.h */ = {isa = PBXFileReference; lastKnownFileType = sourcecode.c.h; path = AppDelegate.h; sourceTree = "<group>"; };
		4ABDD4F922C2C03C001D3E76 /* AppDelegate.m */ = {isa = PBXFileReference; lastKnownFileType = sourcecode.c.objc; path = AppDelegate.m; sourceTree = "<group>"; };
		4ABDD4FB22C2C03C001D3E76 /* ViewController.h */ = {isa = PBXFileReference; lastKnownFileType = sourcecode.c.h; path = ViewController.h; sourceTree = "<group>"; };
		4ABDD4FC22C2C03C001D3E76 /* ViewController.m */ = {isa = PBXFileReference; lastKnownFileType = sourcecode.c.objc; path = ViewController.m; sourceTree = "<group>"; };
		4ABDD4FF22C2C03C001D3E76 /* Base */ = {isa = PBXFileReference; lastKnownFileType = file.storyboard; name = Base; path = Base.lproj/Main.storyboard; sourceTree = "<group>"; };
		4ABDD50122C2C03C001D3E76 /* Assets.xcassets */ = {isa = PBXFileReference; lastKnownFileType = folder.assetcatalog; path = Assets.xcassets; sourceTree = "<group>"; };
		4ABDD50422C2C03C001D3E76 /* Base */ = {isa = PBXFileReference; lastKnownFileType = file.storyboard; name = Base; path = Base.lproj/LaunchScreen.storyboard; sourceTree = "<group>"; };
		4ABDD50622C2C03C001D3E76 /* Info.plist */ = {isa = PBXFileReference; lastKnownFileType = text.plist.xml; path = Info.plist; sourceTree = "<group>"; };
		4ABDD50722C2C03C001D3E76 /* main.m */ = {isa = PBXFileReference; lastKnownFileType = sourcecode.c.objc; path = main.m; sourceTree = "<group>"; };
		4ABDD50D22C2C03D001D3E76 /* TipsterTests.xctest */ = {isa = PBXFileReference; explicitFileType = wrapper.cfbundle; includeInIndex = 0; path = TipsterTests.xctest; sourceTree = BUILT_PRODUCTS_DIR; };
		4ABDD51122C2C03D001D3E76 /* TipsterTests.m */ = {isa = PBXFileReference; lastKnownFileType = sourcecode.c.objc; path = TipsterTests.m; sourceTree = "<group>"; };
		4ABDD51322C2C03D001D3E76 /* Info.plist */ = {isa = PBXFileReference; lastKnownFileType = text.plist.xml; path = Info.plist; sourceTree = "<group>"; };
		4ABDD51822C2C03D001D3E76 /* TipsterUITests.xctest */ = {isa = PBXFileReference; explicitFileType = wrapper.cfbundle; includeInIndex = 0; path = TipsterUITests.xctest; sourceTree = BUILT_PRODUCTS_DIR; };
		4ABDD51C22C2C03D001D3E76 /* TipsterUITests.m */ = {isa = PBXFileReference; lastKnownFileType = sourcecode.c.objc; path = TipsterUITests.m; sourceTree = "<group>"; };
		4ABDD51E22C2C03D001D3E76 /* Info.plist */ = {isa = PBXFileReference; lastKnownFileType = text.plist.xml; path = Info.plist; sourceTree = "<group>"; };
/* End PBXFileReference section */

/* Begin PBXFrameworksBuildPhase section */
		4ABDD4F222C2C03B001D3E76 /* Frameworks */ = {
			isa = PBXFrameworksBuildPhase;
			buildActionMask = 2147483647;
			files = (
			);
			runOnlyForDeploymentPostprocessing = 0;
		};
		4ABDD50A22C2C03D001D3E76 /* Frameworks */ = {
			isa = PBXFrameworksBuildPhase;
			buildActionMask = 2147483647;
			files = (
			);
			runOnlyForDeploymentPostprocessing = 0;
		};
		4ABDD51522C2C03D001D3E76 /* Frameworks */ = {
			isa = PBXFrameworksBuildPhase;
			buildActionMask = 2147483647;
			files = (
			);
			runOnlyForDeploymentPostprocessing = 0;
		};
/* End PBXFrameworksBuildPhase section */

/* Begin PBXGroup section */
		4ABDD4EC22C2C03B001D3E76 = {
			isa = PBXGroup;
			children = (
				4ABDD4F722C2C03C001D3E76 /* Tipster */,
				4ABDD51022C2C03D001D3E76 /* TipsterTests */,
				4ABDD51B22C2C03D001D3E76 /* TipsterUITests */,
				4ABDD4F622C2C03C001D3E76 /* Products */,
			);
			sourceTree = "<group>";
		};
		4ABDD4F622C2C03C001D3E76 /* Products */ = {
			isa = PBXGroup;
			children = (
				4ABDD4F522C2C03C001D3E76 /* Tipster.app */,
				4ABDD50D22C2C03D001D3E76 /* TipsterTests.xctest */,
				4ABDD51822C2C03D001D3E76 /* TipsterUITests.xctest */,
			);
			name = Products;
			sourceTree = "<group>";
		};
		4ABDD4F722C2C03C001D3E76 /* Tipster */ = {
			isa = PBXGroup;
			children = (
				4ABDD4F822C2C03C001D3E76 /* AppDelegate.h */,
				4ABDD4F922C2C03C001D3E76 /* AppDelegate.m */,
				4ABDD4FB22C2C03C001D3E76 /* ViewController.h */,
				4ABDD4FC22C2C03C001D3E76 /* ViewController.m */,
				4ABDD4FE22C2C03C001D3E76 /* Main.storyboard */,
				4ABDD50122C2C03C001D3E76 /* Assets.xcassets */,
				4ABDD50322C2C03C001D3E76 /* LaunchScreen.storyboard */,
				4ABDD50622C2C03C001D3E76 /* Info.plist */,
				4ABDD50722C2C03C001D3E76 /* main.m */,
			);
			path = Tipster;
			sourceTree = "<group>";
		};
		4ABDD51022C2C03D001D3E76 /* TipsterTests */ = {
			isa = PBXGroup;
			children = (
				4ABDD51122C2C03D001D3E76 /* TipsterTests.m */,
				4ABDD51322C2C03D001D3E76 /* Info.plist */,
			);
			path = TipsterTests;
			sourceTree = "<group>";
		};
		4ABDD51B22C2C03D001D3E76 /* TipsterUITests */ = {
			isa = PBXGroup;
			children = (
				4ABDD51C22C2C03D001D3E76 /* TipsterUITests.m */,
				4ABDD51E22C2C03D001D3E76 /* Info.plist */,
			);
			path = TipsterUITests;
			sourceTree = "<group>";
		};
/* End PBXGroup section */

/* Begin PBXNativeTarget section */
		4ABDD4F422C2C03B001D3E76 /* Tipster */ = {
			isa = PBXNativeTarget;
			buildConfigurationList = 4ABDD52122C2C03D001D3E76 /* Build configuration list for PBXNativeTarget "Tipster" */;
			buildPhases = (
				4ABDD4F122C2C03B001D3E76 /* Sources */,
				4ABDD4F222C2C03B001D3E76 /* Frameworks */,
				4ABDD4F322C2C03B001D3E76 /* Resources */,
			);
			buildRules = (
			);
			dependencies = (
			);
			name = Tipster;
			productName = Tipster;
			productReference = 4ABDD4F522C2C03C001D3E76 /* Tipster.app */;
			productType = "com.apple.product-type.application";
		};
		4ABDD50C22C2C03D001D3E76 /* TipsterTests */ = {
			isa = PBXNativeTarget;
			buildConfigurationList = 4ABDD52422C2C03D001D3E76 /* Build configuration list for PBXNativeTarget "TipsterTests" */;
			buildPhases = (
				4ABDD50922C2C03D001D3E76 /* Sources */,
				4ABDD50A22C2C03D001D3E76 /* Frameworks */,
				4ABDD50B22C2C03D001D3E76 /* Resources */,
			);
			buildRules = (
			);
			dependencies = (
				4ABDD50F22C2C03D001D3E76 /* PBXTargetDependency */,
			);
			name = TipsterTests;
			productName = TipsterTests;
			productReference = 4ABDD50D22C2C03D001D3E76 /* TipsterTests.xctest */;
			productType = "com.apple.product-type.bundle.unit-test";
		};
		4ABDD51722C2C03D001D3E76 /* TipsterUITests */ = {
			isa = PBXNativeTarget;
			buildConfigurationList = 4ABDD52722C2C03D001D3E76 /* Build configuration list for PBXNativeTarget "TipsterUITests" */;
			buildPhases = (
				4ABDD51422C2C03D001D3E76 /* Sources */,
				4ABDD51522C2C03D001D3E76 /* Frameworks */,
				4ABDD51622C2C03D001D3E76 /* Resources */,
			);
			buildRules = (
			);
			dependencies = (
				4ABDD51A22C2C03D001D3E76 /* PBXTargetDependency */,
			);
			name = TipsterUITests;
			productName = TipsterUITests;
			productReference = 4ABDD51822C2C03D001D3E76 /* TipsterUITests.xctest */;
			productType = "com.apple.product-type.bundle.ui-testing";
		};
/* End PBXNativeTarget section */

/* Begin PBXProject section */
		4ABDD4ED22C2C03B001D3E76 /* Project object */ = {
			isa = PBXProject;
			attributes = {
				LastUpgradeCheck = 1020;
				ORGANIZATIONNAME = rodrigoandrade;
				TargetAttributes = {
					4ABDD4F422C2C03B001D3E76 = {
						CreatedOnToolsVersion = 10.2.1;
					};
					4ABDD50C22C2C03D001D3E76 = {
						CreatedOnToolsVersion = 10.2.1;
						TestTargetID = 4ABDD4F422C2C03B001D3E76;
					};
					4ABDD51722C2C03D001D3E76 = {
						CreatedOnToolsVersion = 10.2.1;
						TestTargetID = 4ABDD4F422C2C03B001D3E76;
					};
				};
			};
			buildConfigurationList = 4ABDD4F022C2C03B001D3E76 /* Build configuration list for PBXProject "Tipster" */;
			compatibilityVersion = "Xcode 9.3";
			developmentRegion = en;
			hasScannedForEncodings = 0;
			knownRegions = (
				en,
				Base,
			);
			mainGroup = 4ABDD4EC22C2C03B001D3E76;
			productRefGroup = 4ABDD4F622C2C03C001D3E76 /* Products */;
			projectDirPath = "";
			projectRoot = "";
			targets = (
				4ABDD4F422C2C03B001D3E76 /* Tipster */,
				4ABDD50C22C2C03D001D3E76 /* TipsterTests */,
				4ABDD51722C2C03D001D3E76 /* TipsterUITests */,
			);
		};
/* End PBXProject section */

/* Begin PBXResourcesBuildPhase section */
		4ABDD4F322C2C03B001D3E76 /* Resources */ = {
			isa = PBXResourcesBuildPhase;
			buildActionMask = 2147483647;
			files = (
				4ABDD50522C2C03C001D3E76 /* LaunchScreen.storyboard in Resources */,
				4ABDD50222C2C03C001D3E76 /* Assets.xcassets in Resources */,
				4ABDD50022C2C03C001D3E76 /* Main.storyboard in Resources */,
			);
			runOnlyForDeploymentPostprocessing = 0;
		};
		4ABDD50B22C2C03D001D3E76 /* Resources */ = {
			isa = PBXResourcesBuildPhase;
			buildActionMask = 2147483647;
			files = (
			);
			runOnlyForDeploymentPostprocessing = 0;
		};
		4ABDD51622C2C03D001D3E76 /* Resources */ = {
			isa = PBXResourcesBuildPhase;
			buildActionMask = 2147483647;
			files = (
			);
			runOnlyForDeploymentPostprocessing = 0;
		};
/* End PBXResourcesBuildPhase section */

/* Begin PBXSourcesBuildPhase section */
		4ABDD4F122C2C03B001D3E76 /* Sources */ = {
			isa = PBXSourcesBuildPhase;
			buildActionMask = 2147483647;
			files = (
				4ABDD4FD22C2C03C001D3E76 /* ViewController.m in Sources */,
				4ABDD50822C2C03C001D3E76 /* main.m in Sources */,
				4ABDD4FA22C2C03C001D3E76 /* AppDelegate.m in Sources */,
			);
			runOnlyForDeploymentPostprocessing = 0;
		};
		4ABDD50922C2C03D001D3E76 /* Sources */ = {
			isa = PBXSourcesBuildPhase;
			buildActionMask = 2147483647;
			files = (
				4ABDD51222C2C03D001D3E76 /* TipsterTests.m in Sources */,
			);
			runOnlyForDeploymentPostprocessing = 0;
		};
		4ABDD51422C2C03D001D3E76 /* Sources */ = {
			isa = PBXSourcesBuildPhase;
			buildActionMask = 2147483647;
			files = (
				4ABDD51D22C2C03D001D3E76 /* TipsterUITests.m in Sources */,
			);
			runOnlyForDeploymentPostprocessing = 0;
		};
/* End PBXSourcesBuildPhase section */

/* Begin PBXTargetDependency section */
		4ABDD50F22C2C03D001D3E76 /* PBXTargetDependency */ = {
			isa = PBXTargetDependency;
			target = 4ABDD4F422C2C03B001D3E76 /* Tipster */;
			targetProxy = 4ABDD50E22C2C03D001D3E76 /* PBXContainerItemProxy */;
		};
		4ABDD51A22C2C03D001D3E76 /* PBXTargetDependency */ = {
			isa = PBXTargetDependency;
			target = 4ABDD4F422C2C03B001D3E76 /* Tipster */;
			targetProxy = 4ABDD51922C2C03D001D3E76 /* PBXContainerItemProxy */;
		};
/* End PBXTargetDependency section */

/* Begin PBXVariantGroup section */
		4ABDD4FE22C2C03C001D3E76 /* Main.storyboard */ = {
			isa = PBXVariantGroup;
			children = (
				4ABDD4FF22C2C03C001D3E76 /* Base */,
			);
			name = Main.storyboard;
			sourceTree = "<group>";
		};
		4ABDD50322C2C03C001D3E76 /* LaunchScreen.storyboard */ = {
			isa = PBXVariantGroup;
			children = (
				4ABDD50422C2C03C001D3E76 /* Base */,
			);
			name = LaunchScreen.storyboard;
			sourceTree = "<group>";
		};
/* End PBXVariantGroup section */

/* Begin XCBuildConfiguration section */
		4ABDD51F22C2C03D001D3E76 /* Debug */ = {
			isa = XCBuildConfiguration;
			buildSettings = {
				ALWAYS_SEARCH_USER_PATHS = NO;
				CLANG_ANALYZER_NONNULL = YES;
				CLANG_ANALYZER_NUMBER_OBJECT_CONVERSION = YES_AGGRESSIVE;
				CLANG_CXX_LANGUAGE_STANDARD = "gnu++14";
				CLANG_CXX_LIBRARY = "libc++";
				CLANG_ENABLE_MODULES = YES;
				CLANG_ENABLE_OBJC_ARC = YES;
				CLANG_ENABLE_OBJC_WEAK = YES;
				CLANG_WARN_BLOCK_CAPTURE_AUTORELEASING = YES;
				CLANG_WARN_BOOL_CONVERSION = YES;
				CLANG_WARN_COMMA = YES;
				CLANG_WARN_CONSTANT_CONVERSION = YES;
				CLANG_WARN_DEPRECATED_OBJC_IMPLEMENTATIONS = YES;
				CLANG_WARN_DIRECT_OBJC_ISA_USAGE = YES_ERROR;
				CLANG_WARN_DOCUMENTATION_COMMENTS = YES;
				CLANG_WARN_EMPTY_BODY = YES;
				CLANG_WARN_ENUM_CONVERSION = YES;
				CLANG_WARN_INFINITE_RECURSION = YES;
				CLANG_WARN_INT_CONVERSION = YES;
				CLANG_WARN_NON_LITERAL_NULL_CONVERSION = YES;
				CLANG_WARN_OBJC_IMPLICIT_RETAIN_SELF = YES;
				CLANG_WARN_OBJC_LITERAL_CONVERSION = YES;
				CLANG_WARN_OBJC_ROOT_CLASS = YES_ERROR;
				CLANG_WARN_RANGE_LOOP_ANALYSIS = YES;
				CLANG_WARN_STRICT_PROTOTYPES = YES;
				CLANG_WARN_SUSPICIOUS_MOVE = YES;
				CLANG_WARN_UNGUARDED_AVAILABILITY = YES_AGGRESSIVE;
				CLANG_WARN_UNREACHABLE_CODE = YES;
				CLANG_WARN__DUPLICATE_METHOD_MATCH = YES;
				CODE_SIGN_IDENTITY = "iPhone Developer";
				COPY_PHASE_STRIP = NO;
				DEBUG_INFORMATION_FORMAT = dwarf;
				ENABLE_STRICT_OBJC_MSGSEND = YES;
				ENABLE_TESTABILITY = YES;
				GCC_C_LANGUAGE_STANDARD = gnu11;
				GCC_DYNAMIC_NO_PIC = NO;
				GCC_NO_COMMON_BLOCKS = YES;
				GCC_OPTIMIZATION_LEVEL = 0;
				GCC_PREPROCESSOR_DEFINITIONS = (
					"DEBUG=1",
					"$(inherited)",
				);
				GCC_WARN_64_TO_32_BIT_CONVERSION = YES;
				GCC_WARN_ABOUT_RETURN_TYPE = YES_ERROR;
				GCC_WARN_UNDECLARED_SELECTOR = YES;
				GCC_WARN_UNINITIALIZED_AUTOS = YES_AGGRESSIVE;
				GCC_WARN_UNUSED_FUNCTION = YES;
				GCC_WARN_UNUSED_VARIABLE = YES;
				IPHONEOS_DEPLOYMENT_TARGET = 12.2;
				MTL_ENABLE_DEBUG_INFO = INCLUDE_SOURCE;
				MTL_FAST_MATH = YES;
				ONLY_ACTIVE_ARCH = YES;
				SDKROOT = iphoneos;
			};
			name = Debug;
		};
		4ABDD52022C2C03D001D3E76 /* Release */ = {
			isa = XCBuildConfiguration;
			buildSettings = {
				ALWAYS_SEARCH_USER_PATHS = NO;
				CLANG_ANALYZER_NONNULL = YES;
				CLANG_ANALYZER_NUMBER_OBJECT_CONVERSION = YES_AGGRESSIVE;
				CLANG_CXX_LANGUAGE_STANDARD = "gnu++14";
				CLANG_CXX_LIBRARY = "libc++";
				CLANG_ENABLE_MODULES = YES;
				CLANG_ENABLE_OBJC_ARC = YES;
				CLANG_ENABLE_OBJC_WEAK = YES;
				CLANG_WARN_BLOCK_CAPTURE_AUTORELEASING = YES;
				CLANG_WARN_BOOL_CONVERSION = YES;
				CLANG_WARN_COMMA = YES;
				CLANG_WARN_CONSTANT_CONVERSION = YES;
				CLANG_WARN_DEPRECATED_OBJC_IMPLEMENTATIONS = YES;
				CLANG_WARN_DIRECT_OBJC_ISA_USAGE = YES_ERROR;
				CLANG_WARN_DOCUMENTATION_COMMENTS = YES;
				CLANG_WARN_EMPTY_BODY = YES;
				CLANG_WARN_ENUM_CONVERSION = YES;
				CLANG_WARN_INFINITE_RECURSION = YES;
				CLANG_WARN_INT_CONVERSION = YES;
				CLANG_WARN_NON_LITERAL_NULL_CONVERSION = YES;
				CLANG_WARN_OBJC_IMPLICIT_RETAIN_SELF = YES;
				CLANG_WARN_OBJC_LITERAL_CONVERSION = YES;
				CLANG_WARN_OBJC_ROOT_CLASS = YES_ERROR;
				CLANG_WARN_RANGE_LOOP_ANALYSIS = YES;
				CLANG_WARN_STRICT_PROTOTYPES = YES;
				CLANG_WARN_SUSPICIOUS_MOVE = YES;
				CLANG_WARN_UNGUARDED_AVAILABILITY = YES_AGGRESSIVE;
				CLANG_WARN_UNREACHABLE_CODE = YES;
				CLANG_WARN__DUPLICATE_METHOD_MATCH = YES;
				CODE_SIGN_IDENTITY = "iPhone Developer";
				COPY_PHASE_STRIP = NO;
				DEBUG_INFORMATION_FORMAT = "dwarf-with-dsym";
				ENABLE_NS_ASSERTIONS = NO;
				ENABLE_STRICT_OBJC_MSGSEND = YES;
				GCC_C_LANGUAGE_STANDARD = gnu11;
				GCC_NO_COMMON_BLOCKS = YES;
				GCC_WARN_64_TO_32_BIT_CONVERSION = YES;
				GCC_WARN_ABOUT_RETURN_TYPE = YES_ERROR;
				GCC_WARN_UNDECLARED_SELECTOR = YES;
				GCC_WARN_UNINITIALIZED_AUTOS = YES_AGGRESSIVE;
				GCC_WARN_UNUSED_FUNCTION = YES;
				GCC_WARN_UNUSED_VARIABLE = YES;
				IPHONEOS_DEPLOYMENT_TARGET = 12.2;
				MTL_ENABLE_DEBUG_INFO = NO;
				MTL_FAST_MATH = YES;
				SDKROOT = iphoneos;
				VALIDATE_PRODUCT = YES;
			};
			name = Release;
		};
		4ABDD52222C2C03D001D3E76 /* Debug */ = {
			isa = XCBuildConfiguration;
			buildSettings = {
				ASSETCATALOG_COMPILER_APPICON_NAME = AppIcon;
				CODE_SIGN_STYLE = Automatic;
				INFOPLIST_FILE = Tipster/Info.plist;
				LD_RUNPATH_SEARCH_PATHS = (
					"$(inherited)",
					"@executable_path/Frameworks",
				);
				PRODUCT_BUNDLE_IDENTIFIER = "com.rodrigolive64-gmail.com.Tipster";
				PRODUCT_NAME = "$(TARGET_NAME)";
				TARGETED_DEVICE_FAMILY = "1,2";
			};
			name = Debug;
		};
		4ABDD52322C2C03D001D3E76 /* Release */ = {
			isa = XCBuildConfiguration;
			buildSettings = {
				ASSETCATALOG_COMPILER_APPICON_NAME = AppIcon;
				CODE_SIGN_STYLE = Automatic;
				INFOPLIST_FILE = Tipster/Info.plist;
				LD_RUNPATH_SEARCH_PATHS = (
					"$(inherited)",
					"@executable_path/Frameworks",
				);
				PRODUCT_BUNDLE_IDENTIFIER = "com.rodrigolive64-gmail.com.Tipster";
				PRODUCT_NAME = "$(TARGET_NAME)";
				TARGETED_DEVICE_FAMILY = "1,2";
			};
			name = Release;
		};
		4ABDD52522C2C03D001D3E76 /* Debug */ = {
			isa = XCBuildConfiguration;
			buildSettings = {
				BUNDLE_LOADER = "$(TEST_HOST)";
				CODE_SIGN_STYLE = Automatic;
				INFOPLIST_FILE = TipsterTests/Info.plist;
				LD_RUNPATH_SEARCH_PATHS = (
					"$(inherited)",
					"@executable_path/Frameworks",
					"@loader_path/Frameworks",
				);
				PRODUCT_BUNDLE_IDENTIFIER = "com.rodrigolive64-gmail.com.TipsterTests";
				PRODUCT_NAME = "$(TARGET_NAME)";
				TARGETED_DEVICE_FAMILY = "1,2";
				TEST_HOST = "$(BUILT_PRODUCTS_DIR)/Tipster.app/Tipster";
			};
			name = Debug;
		};
		4ABDD52622C2C03D001D3E76 /* Release */ = {
			isa = XCBuildConfiguration;
			buildSettings = {
				BUNDLE_LOADER = "$(TEST_HOST)";
				CODE_SIGN_STYLE = Automatic;
				INFOPLIST_FILE = TipsterTests/Info.plist;
				LD_RUNPATH_SEARCH_PATHS = (
					"$(inherited)",
					"@executable_path/Frameworks",
					"@loader_path/Frameworks",
				);
				PRODUCT_BUNDLE_IDENTIFIER = "com.rodrigolive64-gmail.com.TipsterTests";
				PRODUCT_NAME = "$(TARGET_NAME)";
				TARGETED_DEVICE_FAMILY = "1,2";
				TEST_HOST = "$(BUILT_PRODUCTS_DIR)/Tipster.app/Tipster";
			};
			name = Release;
		};
		4ABDD52822C2C03D001D3E76 /* Debug */ = {
			isa = XCBuildConfiguration;
			buildSettings = {
				CODE_SIGN_STYLE = Automatic;
				INFOPLIST_FILE = TipsterUITests/Info.plist;
				LD_RUNPATH_SEARCH_PATHS = (
					"$(inherited)",
					"@executable_path/Frameworks",
					"@loader_path/Frameworks",
				);
				PRODUCT_BUNDLE_IDENTIFIER = "com.rodrigolive64-gmail.com.TipsterUITests";
				PRODUCT_NAME = "$(TARGET_NAME)";
				TARGETED_DEVICE_FAMILY = "1,2";
				TEST_TARGET_NAME = Tipster;
			};
			name = Debug;
		};
		4ABDD52922C2C03D001D3E76 /* Release */ = {
			isa = XCBuildConfiguration;
			buildSettings = {
				CODE_SIGN_STYLE = Automatic;
				INFOPLIST_FILE = TipsterUITests/Info.plist;
				LD_RUNPATH_SEARCH_PATHS = (
					"$(inherited)",
					"@executable_path/Frameworks",
					"@loader_path/Frameworks",
				);
				PRODUCT_BUNDLE_IDENTIFIER = "com.rodrigolive64-gmail.com.TipsterUITests";
				PRODUCT_NAME = "$(TARGET_NAME)";
				TARGETED_DEVICE_FAMILY = "1,2";
				TEST_TARGET_NAME = Tipster;
			};
			name = Release;
		};
/* End XCBuildConfiguration section */

/* Begin XCConfigurationList section */
		4ABDD4F022C2C03B001D3E76 /* Build configuration list for PBXProject "Tipster" */ = {
			isa = XCConfigurationList;
			buildConfigurations = (
				4ABDD51F22C2C03D001D3E76 /* Debug */,
				4ABDD52022C2C03D001D3E76 /* Release */,
			);
			defaultConfigurationIsVisible = 0;
			defaultConfigurationName = Release;
		};
		4ABDD52122C2C03D001D3E76 /* Build configuration list for PBXNativeTarget "Tipster" */ = {
			isa = XCConfigurationList;
			buildConfigurations = (
				4ABDD52222C2C03D001D3E76 /* Debug */,
				4ABDD52322C2C03D001D3E76 /* Release */,
			);
			defaultConfigurationIsVisible = 0;
			defaultConfigurationName = Release;
		};
		4ABDD52422C2C03D001D3E76 /* Build configuration list for PBXNativeTarget "TipsterTests" */ = {
			isa = XCConfigurationList;
			buildConfigurations = (
				4ABDD52522C2C03D001D3E76 /* Debug */,
				4ABDD52622C2C03D001D3E76 /* Release */,
			);
			defaultConfigurationIsVisible = 0;
			defaultConfigurationName = Release;
		};
		4ABDD52722C2C03D001D3E76 /* Build configuration list for PBXNativeTarget "TipsterUITests" */ = {
			isa = XCConfigurationList;
			buildConfigurations = (
				4ABDD52822C2C03D001D3E76 /* Debug */,
				4ABDD52922C2C03D001D3E76 /* Release */,
			);
			defaultConfigurationIsVisible = 0;
			defaultConfigurationName = Release;
		};
/* End XCConfigurationList section */
	};
	rootObject = 4ABDD4ED22C2C03B001D3E76 /* Project object */;
}
